
Microsoft Visual Studio Solution File, Format Version 12.00
# Visual Studio Version 17
VisualStudioVersion = 17.7.34024.191
MinimumVisualStudioVersion = 10.0.40219.1
Project("{FAE04EC0-301F-11D3-BF4B-00C04F79EFBC}") = "ScreenSound", "ScreenSound\ScreenSound.csproj", "{05BDD4E7-89D1-4279-AC32-0E5F4CA0A75C}"
EndProject
Global
	GlobalSection(SolutionConfigurationPlatforms) = preSolution
		Debug|Any CPU = Debug|Any CPU
		Release|Any CPU = Release|Any CPU
	EndGlobalSection
	GlobalSection(ProjectConfigurationPlatforms) = postSolution
		{05BDD4E7-89D1-4279-AC32-0E5F4CA0A75C}.Debug|Any CPU.ActiveCfg = Debug|Any CPU
		{05BDD4E7-89D1-4279-AC32-0E5F4CA0A75C}.Debug|Any CPU.Build.0 = Debug|Any CPU
		{05BDD4E7-89D1-4279-AC32-0E5F4CA0A75C}.Release|Any CPU.ActiveCfg = Release|Any CPU
		{05BDD4E7-89D1-4279-AC32-0E5F4CA0A75C}.Release|Any CPU.Build.0 = Release|Any CPU
	EndGlobalSection
	GlobalSection(SolutionProperties) = preSolution
		HideSolutionNode = FALSE
	EndGlobalSection
	GlobalSection(ExtensibilityGlobals) = postSolution
		SolutionGuid = {C461EC2B-75E7-4BCB-B723-3241AF5DC936}
	EndGlobalSection
EndGlobal
